
Microsoft Visual Studio Solution File, Format Version 12.00
# Visual Studio 2013
VisualStudioVersion = 12.0.31101.0
MinimumVisualStudioVersion = 10.0.40219.1
Project("{FAE04EC0-301F-11D3-BF4B-00C04F79EFBC}") = "WpfShellWinform", "WpfShellWinform\WpfShellWinform.csproj", "{64673EE3-9909-4A80-B0E9-9D944025F6DA}"
EndProject
Project("{FAE04EC0-301F-11D3-BF4B-00C04F79EFBC}") = "WinformToBeHosted2", "WinformToBeHosted2\WinformToBeHosted2.csproj", "{DA9F58C3-4643-4B9D-898E-161787895C1D}"
EndProject
Project("{FAE04EC0-301F-11D3-BF4B-00C04F79EFBC}") = "Events", "Events\Events.csproj", "{EA84243D-35F3-4C83-8ED1-C61F37279E0E}"
EndProject
Project("{FAE04EC0-301F-11D3-BF4B-00C04F79EFBC}") = "UnityExtensions", "UnityExtensions\UnityExtensions.csproj", "{ECDE9E1B-5E3D-4EE6-9845-17B61D9A3B88}"
EndProject
Global
	GlobalSection(SolutionConfigurationPlatforms) = preSolution
		Debug|Any CPU = Debug|Any CPU
		Release|Any CPU = Release|Any CPU
	EndGlobalSection
	GlobalSection(ProjectConfigurationPlatforms) = postSolution
		{64673EE3-9909-4A80-B0E9-9D944025F6DA}.Debug|Any CPU.ActiveCfg = Debug|Any CPU
		{64673EE3-9909-4A80-B0E9-9D944025F6DA}.Debug|Any CPU.Build.0 = Debug|Any CPU
		{64673EE3-9909-4A80-B0E9-9D944025F6DA}.Release|Any CPU.ActiveCfg = Release|Any CPU
		{64673EE3-9909-4A80-B0E9-9D944025F6DA}.Release|Any CPU.Build.0 = Release|Any CPU
		{DA9F58C3-4643-4B9D-898E-161787895C1D}.Debug|Any CPU.ActiveCfg = Debug|Any CPU
		{DA9F58C3-4643-4B9D-898E-161787895C1D}.Debug|Any CPU.Build.0 = Debug|Any CPU
		{DA9F58C3-4643-4B9D-898E-161787895C1D}.Release|Any CPU.ActiveCfg = Release|Any CPU
		{DA9F58C3-4643-4B9D-898E-161787895C1D}.Release|Any CPU.Build.0 = Release|Any CPU
		{EA84243D-35F3-4C83-8ED1-C61F37279E0E}.Debug|Any CPU.ActiveCfg = Debug|Any CPU
		{EA84243D-35F3-4C83-8ED1-C61F37279E0E}.Debug|Any CPU.Build.0 = Debug|Any CPU
		{EA84243D-35F3-4C83-8ED1-C61F37279E0E}.Release|Any CPU.ActiveCfg = Release|Any CPU
		{EA84243D-35F3-4C83-8ED1-C61F37279E0E}.Release|Any CPU.Build.0 = Release|Any CPU
		{ECDE9E1B-5E3D-4EE6-9845-17B61D9A3B88}.Debug|Any CPU.ActiveCfg = Debug|Any CPU
		{ECDE9E1B-5E3D-4EE6-9845-17B61D9A3B88}.Debug|Any CPU.Build.0 = Debug|Any CPU
		{ECDE9E1B-5E3D-4EE6-9845-17B61D9A3B88}.Release|Any CPU.ActiveCfg = Release|Any CPU
		{ECDE9E1B-5E3D-4EE6-9845-17B61D9A3B88}.Release|Any CPU.Build.0 = Release|Any CPU
	EndGlobalSection
	GlobalSection(SolutionProperties) = preSolution
		HideSolutionNode = FALSE
	EndGlobalSection
EndGlobal
